
Microsoft Visual Studio Solution File, Format Version 12.00
# Visual Studio 15
VisualStudioVersion = 15.0.28307.572
MinimumVisualStudioVersion = 10.0.40219.1
Project("{FAE04EC0-301F-11D3-BF4B-00C04F79EFBC}") = "WindowsFormsAppForShopping", "WindowsFormsAppForShopping\WindowsFormsAppForShopping.csproj", "{68FB7AF8-6510-472D-9E59-6CDA0BD4E6E6}"
EndProject
Global
	GlobalSection(SolutionConfigurationPlatforms) = preSolution
		Debug|Any CPU = Debug|Any CPU
		Release|Any CPU = Release|Any CPU
	EndGlobalSection
	GlobalSection(ProjectConfigurationPlatforms) = postSolution
		{68FB7AF8-6510-472D-9E59-6CDA0BD4E6E6}.Debug|Any CPU.ActiveCfg = Debug|Any CPU
		{68FB7AF8-6510-472D-9E59-6CDA0BD4E6E6}.Debug|Any CPU.Build.0 = Debug|Any CPU
		{68FB7AF8-6510-472D-9E59-6CDA0BD4E6E6}.Release|Any CPU.ActiveCfg = Release|Any CPU
		{68FB7AF8-6510-472D-9E59-6CDA0BD4E6E6}.Release|Any CPU.Build.0 = Release|Any CPU
	EndGlobalSection
	GlobalSection(SolutionProperties) = preSolution
		HideSolutionNode = FALSE
	EndGlobalSection
	GlobalSection(ExtensibilityGlobals) = postSolution
		SolutionGuid = {32434F85-0BCF-4796-A0AD-DE5C49909DED}
	EndGlobalSection
EndGlobal
